
Microsoft Visual Studio Solution File, Format Version 12.00
# Visual Studio 15
VisualStudioVersion = 15.0.28307.1145
MinimumVisualStudioVersion = 10.0.40219.1
Project("{8BC9CEB8-8B4A-11D0-8D11-00A0C91BC942}") = "MachineLearningAlgo", "MachineLearningAlgo.vcxproj", "{D7181C33-A1D6-4CE1-86AB-89C833C7B75E}"
EndProject
Global
	GlobalSection(SolutionConfigurationPlatforms) = preSolution
		Debug|x64 = Debug|x64
		Debug|x86 = Debug|x86
		Release|x64 = Release|x64
		Release|x86 = Release|x86
	EndGlobalSection
	GlobalSection(ProjectConfigurationPlatforms) = postSolution
		{D7181C33-A1D6-4CE1-86AB-89C833C7B75E}.Debug|x64.ActiveCfg = Debug|x64
		{D7181C33-A1D6-4CE1-86AB-89C833C7B75E}.Debug|x64.Build.0 = Debug|x64
		{D7181C33-A1D6-4CE1-86AB-89C833C7B75E}.Debug|x86.ActiveCfg = Debug|Win32
		{D7181C33-A1D6-4CE1-86AB-89C833C7B75E}.Debug|x86.Build.0 = Debug|Win32
		{D7181C33-A1D6-4CE1-86AB-89C833C7B75E}.Release|x64.ActiveCfg = Release|x64
		{D7181C33-A1D6-4CE1-86AB-89C833C7B75E}.Release|x64.Build.0 = Release|x64
		{D7181C33-A1D6-4CE1-86AB-89C833C7B75E}.Release|x86.ActiveCfg = Release|Win32
		{D7181C33-A1D6-4CE1-86AB-89C833C7B75E}.Release|x86.Build.0 = Release|Win32
	EndGlobalSection
	GlobalSection(SolutionProperties) = preSolution
		HideSolutionNode = FALSE
	EndGlobalSection
	GlobalSection(ExtensibilityGlobals) = postSolution
		SolutionGuid = {595ECBCD-BBC4-4A88-93FC-C04A27D47085}
	EndGlobalSection
EndGlobal
